
Microsoft Visual Studio Solution File, Format Version 12.00
# Visual Studio Version 17
VisualStudioVersion = 17.5.33103.201
MinimumVisualStudioVersion = 10.0.40219.1
Project("{9A19103F-16F7-4668-BE54-9A1E7A4F7556}") = "RestaurantPicker", "RestaurantPicker\RestaurantPicker.csproj", "{BDA78B33-3162-45BF-B2E1-C690D3EE7F22}"
EndProject
Project("{FAE04EC0-301F-11D3-BF4B-00C04F79EFBC}") = "RestaurantSearcher", "RestaurantSearcher\RestaurantSearcher.csproj", "{42F485E0-A202-484A-8A2B-3CD41F48C6A5}"
EndProject
Project("{FAE04EC0-301F-11D3-BF4B-00C04F79EFBC}") = "RestaurantData", "RestaurantData\RestaurantData.csproj", "{1F53E30E-B896-487D-842E-47687D930A13}"
EndProject
Global
	GlobalSection(SolutionConfigurationPlatforms) = preSolution
		Debug|Any CPU = Debug|Any CPU
		Release|Any CPU = Release|Any CPU
	EndGlobalSection
	GlobalSection(ProjectConfigurationPlatforms) = postSolution
		{BDA78B33-3162-45BF-B2E1-C690D3EE7F22}.Debug|Any CPU.ActiveCfg = Debug|Any CPU
		{BDA78B33-3162-45BF-B2E1-C690D3EE7F22}.Debug|Any CPU.Build.0 = Debug|Any CPU
		{BDA78B33-3162-45BF-B2E1-C690D3EE7F22}.Release|Any CPU.ActiveCfg = Release|Any CPU
		{BDA78B33-3162-45BF-B2E1-C690D3EE7F22}.Release|Any CPU.Build.0 = Release|Any CPU
		{42F485E0-A202-484A-8A2B-3CD41F48C6A5}.Debug|Any CPU.ActiveCfg = Debug|Any CPU
		{42F485E0-A202-484A-8A2B-3CD41F48C6A5}.Debug|Any CPU.Build.0 = Debug|Any CPU
		{42F485E0-A202-484A-8A2B-3CD41F48C6A5}.Release|Any CPU.ActiveCfg = Release|Any CPU
		{42F485E0-A202-484A-8A2B-3CD41F48C6A5}.Release|Any CPU.Build.0 = Release|Any CPU
		{1F53E30E-B896-487D-842E-47687D930A13}.Debug|Any CPU.ActiveCfg = Debug|Any CPU
		{1F53E30E-B896-487D-842E-47687D930A13}.Debug|Any CPU.Build.0 = Debug|Any CPU
		{1F53E30E-B896-487D-842E-47687D930A13}.Release|Any CPU.ActiveCfg = Release|Any CPU
		{1F53E30E-B896-487D-842E-47687D930A13}.Release|Any CPU.Build.0 = Release|Any CPU
	EndGlobalSection
	GlobalSection(SolutionProperties) = preSolution
		HideSolutionNode = FALSE
	EndGlobalSection
	GlobalSection(ExtensibilityGlobals) = postSolution
		SolutionGuid = {DE2A2D4B-13DD-4D0F-8293-03F33B39036B}
	EndGlobalSection
EndGlobal
